
Microsoft Visual Studio Solution File, Format Version 12.00
# Visual Studio Version 17
VisualStudioVersion = 17.3.32819.101
MinimumVisualStudioVersion = 10.0.40219.1
Project("{FAE04EC0-301F-11D3-BF4B-00C04F79EFBC}") = "RESTA", "RESTA\RESTA.csproj", "{33C08AC3-E991-44A6-B398-B30CD9C58767}"
EndProject
Global
	GlobalSection(SolutionConfigurationPlatforms) = preSolution
		Debug|Any CPU = Debug|Any CPU
		Release|Any CPU = Release|Any CPU
	EndGlobalSection
	GlobalSection(ProjectConfigurationPlatforms) = postSolution
		{33C08AC3-E991-44A6-B398-B30CD9C58767}.Debug|Any CPU.ActiveCfg = Debug|Any CPU
		{33C08AC3-E991-44A6-B398-B30CD9C58767}.Debug|Any CPU.Build.0 = Debug|Any CPU
		{33C08AC3-E991-44A6-B398-B30CD9C58767}.Release|Any CPU.ActiveCfg = Release|Any CPU
		{33C08AC3-E991-44A6-B398-B30CD9C58767}.Release|Any CPU.Build.0 = Release|Any CPU
	EndGlobalSection
	GlobalSection(SolutionProperties) = preSolution
		HideSolutionNode = FALSE
	EndGlobalSection
	GlobalSection(ExtensibilityGlobals) = postSolution
		SolutionGuid = {FAE3270E-D82F-42E6-94C0-A9DA27F6C2BC}
	EndGlobalSection
EndGlobal
