
Microsoft Visual Studio Solution File, Format Version 12.00
# Visual Studio Version 17
VisualStudioVersion = 17.3.32819.101
MinimumVisualStudioVersion = 10.0.40219.1
Project("{FAE04EC0-301F-11D3-BF4B-00C04F79EFBC}") = "PRACTICA 21 02 23", "PRACTICA 21 02 23\PRACTICA 21 02 23.csproj", "{795AE516-16C4-4979-9D89-A0924894BCA5}"
EndProject
Global
	GlobalSection(SolutionConfigurationPlatforms) = preSolution
		Debug|Any CPU = Debug|Any CPU
		Release|Any CPU = Release|Any CPU
	EndGlobalSection
	GlobalSection(ProjectConfigurationPlatforms) = postSolution
		{795AE516-16C4-4979-9D89-A0924894BCA5}.Debug|Any CPU.ActiveCfg = Debug|Any CPU
		{795AE516-16C4-4979-9D89-A0924894BCA5}.Debug|Any CPU.Build.0 = Debug|Any CPU
		{795AE516-16C4-4979-9D89-A0924894BCA5}.Release|Any CPU.ActiveCfg = Release|Any CPU
		{795AE516-16C4-4979-9D89-A0924894BCA5}.Release|Any CPU.Build.0 = Release|Any CPU
	EndGlobalSection
	GlobalSection(SolutionProperties) = preSolution
		HideSolutionNode = FALSE
	EndGlobalSection
	GlobalSection(ExtensibilityGlobals) = postSolution
		SolutionGuid = {D9B1DEE7-2F47-4E4D-8ADC-56B54459B364}
	EndGlobalSection
EndGlobal
